// !$*UTF8*$!
{
	archiveVersion = 1;
	classes = {
	};
	objectVersion = 46;
	objects = {

/* Begin PBXBuildFile section */
		640A507E1B6326D400DF1E7E /* AppDelegate.swift in Sources */ = {isa = PBXBuildFile; fileRef = 640A507D1B6326D400DF1E7E /* AppDelegate.swift */; };
		640A50801B6326D400DF1E7E /* ViewController.swift in Sources */ = {isa = PBXBuildFile; fileRef = 640A507F1B6326D400DF1E7E /* ViewController.swift */; };
		640A50831B6326D400DF1E7E /* Main.storyboard in Resources */ = {isa = PBXBuildFile; fileRef = 640A50811B6326D400DF1E7E /* Main.storyboard */; };
		640A50851B6326D400DF1E7E /* Images.xcassets in Resources */ = {isa = PBXBuildFile; fileRef = 640A50841B6326D400DF1E7E /* Images.xcassets */; };
		640A50881B6326D400DF1E7E /* LaunchScreen.xib in Resources */ = {isa = PBXBuildFile; fileRef = 640A50861B6326D400DF1E7E /* LaunchScreen.xib */; };
		640A50941B6326D400DF1E7E /* MyFirstAppTests.swift in Sources */ = {isa = PBXBuildFile; fileRef = 640A50931B6326D400DF1E7E /* MyFirstAppTests.swift */; };
/* End PBXBuildFile section */

/* Begin PBXContainerItemProxy section */
		640A508E1B6326D400DF1E7E /* PBXContainerItemProxy */ = {
			isa = PBXContainerItemProxy;
			containerPortal = 640A50701B6326D300DF1E7E /* Project object */;
			proxyType = 1;
			remoteGlobalIDString = 640A50771B6326D300DF1E7E;
			remoteInfo = MyFirstApp;
		};
/* End PBXContainerItemProxy section */

/* Begin PBXFileReference section */
		640A50781B6326D400DF1E7E /* MyFirstApp.app */ = {isa = PBXFileReference; explicitFileType = wrapper.application; includeInIndex = 0; path = MyFirstApp.app; sourceTree = BUILT_PRODUCTS_DIR; };
		640A507C1B6326D400DF1E7E /* Info.plist */ = {isa = PBXFileReference; lastKnownFileType = text.plist.xml; path = Info.plist; sourceTree = "<group>"; };
		640A507D1B6326D400DF1E7E /* AppDelegate.swift */ = {isa = PBXFileReference; lastKnownFileType = sourcecode.swift; path = AppDelegate.swift; sourceTree = "<group>"; };
		640A507F1B6326D400DF1E7E /* ViewController.swift */ = {isa = PBXFileReference; lastKnownFileType = sourcecode.swift; path = ViewController.swift; sourceTree = "<group>"; };
		640A50821B6326D400DF1E7E /* Base */ = {isa = PBXFileReference; lastKnownFileType = file.storyboard; name = Base; path = Base.lproj/Main.storyboard; sourceTree = "<group>"; };
		640A50841B6326D400DF1E7E /* Images.xcassets */ = {isa = PBXFileReference; lastKnownFileType = folder.assetcatalog; path = Images.xcassets; sourceTree = "<group>"; };
		640A50871B6326D400DF1E7E /* Base */ = {isa = PBXFileReference; lastKnownFileType = file.xib; name = Base; path = Base.lproj/LaunchScreen.xib; sourceTree = "<group>"; };
		640A508D1B6326D400DF1E7E /* MyFirstAppTests.xctest */ = {isa = PBXFileReference; explicitFileType = wrapper.cfbundle; includeInIndex = 0; path = MyFirstAppTests.xctest; sourceTree = BUILT_PRODUCTS_DIR; };
		640A50921B6326D400DF1E7E /* Info.plist */ = {isa = PBXFileReference; lastKnownFileType = text.plist.xml; path = Info.plist; sourceTree = "<group>"; };
		640A50931B6326D400DF1E7E /* MyFirstAppTests.swift */ = {isa = PBXFileReference; lastKnownFileType = sourcecode.swift; path = MyFirstAppTests.swift; sourceTree = "<group>"; };
/* End PBXFileReference section */

/* Begin PBXFrameworksBuildPhase section */
		640A50751B6326D300DF1E7E /* Frameworks */ = {
			isa = PBXFrameworksBuildPhase;
			buildActionMask = 2147483647;
			files = (
			);
			runOnlyForDeploymentPostprocessing = 0;
		};
		640A508A1B6326D400DF1E7E /* Frameworks */ = {
			isa = PBXFrameworksBuildPhase;
			buildActionMask = 2147483647;
			files = (
			);
			runOnlyForDeploymentPostprocessing = 0;
		};
/* End PBXFrameworksBuildPhase section */

/* Begin PBXGroup section */
		640A506F1B6326D300DF1E7E = {
			isa = PBXGroup;
			children = (
				640A507A1B6326D400DF1E7E /* MyFirstApp */,
				640A50901B6326D400DF1E7E /* MyFirstAppTests */,
				640A50791B6326D400DF1E7E /* Products */,
			);
			sourceTree = "<group>";
		};
		640A50791B6326D400DF1E7E /* Products */ = {
			isa = PBXGroup;
			children = (
				640A50781B6326D400DF1E7E /* MyFirstApp.app */,
				640A508D1B6326D400DF1E7E /* MyFirstAppTests.xctest */,
			);
			name = Products;
			sourceTree = "<group>";
		};
		640A507A1B6326D400DF1E7E /* MyFirstApp */ = {
			isa = PBXGroup;
			children = (
				640A507D1B6326D400DF1E7E /* AppDelegate.swift */,
				640A507F1B6326D400DF1E7E /* ViewController.swift */,
				640A50811B6326D400DF1E7E /* Main.storyboard */,
				640A50841B6326D400DF1E7E /* Images.xcassets */,
				640A50861B6326D400DF1E7E /* LaunchScreen.xib */,
				640A507B1B6326D400DF1E7E /* Supporting Files */,
			);
			path = MyFirstApp;
			sourceTree = "<group>";
		};
		640A507B1B6326D400DF1E7E /* Supporting Files */ = {
			isa = PBXGroup;
			children = (
				640A507C1B6326D400DF1E7E /* Info.plist */,
			);
			name = "Supporting Files";
			sourceTree = "<group>";
		};
		640A50901B6326D400DF1E7E /* MyFirstAppTests */ = {
			isa = PBXGroup;
			children = (
				640A50931B6326D400DF1E7E /* MyFirstAppTests.swift */,
				640A50911B6326D400DF1E7E /* Supporting Files */,
			);
			path = MyFirstAppTests;
			sourceTree = "<group>";
		};
		640A50911B6326D400DF1E7E /* Supporting Files */ = {
			isa = PBXGroup;
			children = (
				640A50921B6326D400DF1E7E /* Info.plist */,
			);
			name = "Supporting Files";
			sourceTree = "<group>";
		};
/* End PBXGroup section */

/* Begin PBXNativeTarget section */
		640A50771B6326D300DF1E7E /* MyFirstApp */ = {
			isa = PBXNativeTarget;
			buildConfigurationList = 640A50971B6326D400DF1E7E /* Build configuration list for PBXNativeTarget "MyFirstApp" */;
			buildPhases = (
				640A50741B6326D300DF1E7E /* Sources */,
				640A50751B6326D300DF1E7E /* Frameworks */,
				640A50761B6326D300DF1E7E /* Resources */,
			);
			buildRules = (
			);
			dependencies = (
			);
			name = MyFirstApp;
			productName = MyFirstApp;
			productReference = 640A50781B6326D400DF1E7E /* MyFirstApp.app */;
			productType = "com.apple.product-type.application";
		};
		640A508C1B6326D400DF1E7E /* MyFirstAppTests */ = {
			isa = PBXNativeTarget;
			buildConfigurationList = 640A509A1B6326D400DF1E7E /* Build configuration list for PBXNativeTarget "MyFirstAppTests" */;
			buildPhases = (
				640A50891B6326D400DF1E7E /* Sources */,
				640A508A1B6326D400DF1E7E /* Frameworks */,
				640A508B1B6326D400DF1E7E /* Resources */,
			);
			buildRules = (
			);
			dependencies = (
				640A508F1B6326D400DF1E7E /* PBXTargetDependency */,
			);
			name = MyFirstAppTests;
			productName = MyFirstAppTests;
			productReference = 640A508D1B6326D400DF1E7E /* MyFirstAppTests.xctest */;
			productType = "com.apple.product-type.bundle.unit-test";
		};
/* End PBXNativeTarget section */

/* Begin PBXProject section */
		640A50701B6326D300DF1E7E /* Project object */ = {
			isa = PBXProject;
			attributes = {
				LastUpgradeCheck = 0640;
				ORGANIZATIONNAME = "我妻大輔";
				TargetAttributes = {
					640A50771B6326D300DF1E7E = {
						CreatedOnToolsVersion = 6.4;
					};
					640A508C1B6326D400DF1E7E = {
						CreatedOnToolsVersion = 6.4;
						TestTargetID = 640A50771B6326D300DF1E7E;
					};
				};
			};
			buildConfigurationList = 640A50731B6326D300DF1E7E /* Build configuration list for PBXProject "MyFirstApp" */;
			compatibilityVersion = "Xcode 3.2";
			developmentRegion = English;
			hasScannedForEncodings = 0;
			knownRegions = (
				en,
				Base,
			);
			mainGroup = 640A506F1B6326D300DF1E7E;
			productRefGroup = 640A50791B6326D400DF1E7E /* Products */;
			projectDirPath = "";
			projectRoot = "";
			targets = (
				640A50771B6326D300DF1E7E /* MyFirstApp */,
				640A508C1B6326D400DF1E7E /* MyFirstAppTests */,
			);
		};
/* End PBXProject section */

/* Begin PBXResourcesBuildPhase section */
		640A50761B6326D300DF1E7E /* Resources */ = {
			isa = PBXResourcesBuildPhase;
			buildActionMask = 2147483647;
			files = (
				640A50831B6326D400DF1E7E /* Main.storyboard in Resources */,
				640A50881B6326D400DF1E7E /* LaunchScreen.xib in Resources */,
				640A50851B6326D400DF1E7E /* Images.xcassets in Resources */,
			);
			runOnlyForDeploymentPostprocessing = 0;
		};
		640A508B1B6326D400DF1E7E /* Resources */ = {
			isa = PBXResourcesBuildPhase;
			buildActionMask = 2147483647;
			files = (
			);
			runOnlyForDeploymentPostprocessing = 0;
		};
/* End PBXResourcesBuildPhase section */

/* Begin PBXSourcesBuildPhase section */
		640A50741B6326D300DF1E7E /* Sources */ = {
			isa = PBXSourcesBuildPhase;
			buildActionMask = 2147483647;
			files = (
				640A50801B6326D400DF1E7E /* ViewController.swift in Sources */,
				640A507E1B6326D400DF1E7E /* AppDelegate.swift in Sources */,
			);
			runOnlyForDeploymentPostprocessing = 0;
		};
		640A50891B6326D400DF1E7E /* Sources */ = {
			isa = PBXSourcesBuildPhase;
			buildActionMask = 2147483647;
			files = (
				640A50941B6326D400DF1E7E /* MyFirstAppTests.swift in Sources */,
			);
			runOnlyForDeploymentPostprocessing = 0;
		};
/* End PBXSourcesBuildPhase section */

/* Begin PBXTargetDependency section */
		640A508F1B6326D400DF1E7E /* PBXTargetDependency */ = {
			isa = PBXTargetDependency;
			target = 640A50771B6326D300DF1E7E /* MyFirstApp */;
			targetProxy = 640A508E1B6326D400DF1E7E /* PBXContainerItemProxy */;
		};
/* End PBXTargetDependency section */

/* Begin PBXVariantGroup section */
		640A50811B6326D400DF1E7E /* Main.storyboard */ = {
			isa = PBXVariantGroup;
			children = (
				640A50821B6326D400DF1E7E /* Base */,
			);
			name = Main.storyboard;
			sourceTree = "<group>";
		};
		640A50861B6326D400DF1E7E /* LaunchScreen.xib */ = {
			isa = PBXVariantGroup;
			children = (
				640A50871B6326D400DF1E7E /* Base */,
			);
			name = LaunchScreen.xib;
			sourceTree = "<group>";
		};
/* End PBXVariantGroup section */

/* Begin XCBuildConfiguration section */
		640A50951B6326D400DF1E7E /* Debug */ = {
			isa = XCBuildConfiguration;
			buildSettings = {
				ALWAYS_SEARCH_USER_PATHS = NO;
				CLANG_CXX_LANGUAGE_STANDARD = "gnu++0x";
				CLANG_CXX_LIBRARY = "libc++";
				CLANG_ENABLE_MODULES = YES;
				CLANG_ENABLE_OBJC_ARC = YES;
				CLANG_WARN_BOOL_CONVERSION = YES;
				CLANG_WARN_CONSTANT_CONVERSION = YES;
				CLANG_WARN_DIRECT_OBJC_ISA_USAGE = YES_ERROR;
				CLANG_WARN_EMPTY_BODY = YES;
				CLANG_WARN_ENUM_CONVERSION = YES;
				CLANG_WARN_INT_CONVERSION = YES;
				CLANG_WARN_OBJC_ROOT_CLASS = YES_ERROR;
				CLANG_WARN_UNREACHABLE_CODE = YES;
				CLANG_WARN__DUPLICATE_METHOD_MATCH = YES;
				"CODE_SIGN_IDENTITY[sdk=iphoneos*]" = "iPhone Developer";
				COPY_PHASE_STRIP = NO;
				DEBUG_INFORMATION_FORMAT = "dwarf-with-dsym";
				ENABLE_STRICT_OBJC_MSGSEND = YES;
				GCC_C_LANGUAGE_STANDARD = gnu99;
				GCC_DYNAMIC_NO_PIC = NO;
				GCC_NO_COMMON_BLOCKS = YES;
				GCC_OPTIMIZATION_LEVEL = 0;
				GCC_PREPROCESSOR_DEFINITIONS = (
					"DEBUG=1",
					"$(inherited)",
				);
				GCC_SYMBOLS_PRIVATE_EXTERN = NO;
				GCC_WARN_64_TO_32_BIT_CONVERSION = YES;
				GCC_WARN_ABOUT_RETURN_TYPE = YES_ERROR;
				GCC_WARN_UNDECLARED_SELECTOR = YES;
				GCC_WARN_UNINITIALIZED_AUTOS = YES_AGGRESSIVE;
				GCC_WARN_UNUSED_FUNCTION = YES;
				GCC_WARN_UNUSED_VARIABLE = YES;
				IPHONEOS_DEPLOYMENT_TARGET = 8.4;
				MTL_ENABLE_DEBUG_INFO = YES;
				ONLY_ACTIVE_ARCH = YES;
				SDKROOT = iphoneos;
				SWIFT_OPTIMIZATION_LEVEL = "-Onone";
			};
			name = Debug;
		};
		640A50961B6326D400DF1E7E /* Release */ = {
			isa = XCBuildConfiguration;
			buildSettings = {
				ALWAYS_SEARCH_USER_PATHS = NO;
				CLANG_CXX_LANGUAGE_STANDARD = "gnu++0x";
				CLANG_CXX_LIBRARY = "libc++";
				CLANG_ENABLE_MODULES = YES;
				CLANG_ENABLE_OBJC_ARC = YES;
				CLANG_WARN_BOOL_CONVERSION = YES;
				CLANG_WARN_CONSTANT_CONVERSION = YES;
				CLANG_WARN_DIRECT_OBJC_ISA_USAGE = YES_ERROR;
				CLANG_WARN_EMPTY_BODY = YES;
				CLANG_WARN_ENUM_CONVERSION = YES;
				CLANG_WARN_INT_CONVERSION = YES;
				CLANG_WARN_OBJC_ROOT_CLASS = YES_ERROR;
				CLANG_WARN_UNREACHABLE_CODE = YES;
				CLANG_WARN__DUPLICATE_METHOD_MATCH = YES;
				"CODE_SIGN_IDENTITY[sdk=iphoneos*]" = "iPhone Developer";
				COPY_PHASE_STRIP = NO;
				DEBUG_INFORMATION_FORMAT = "dwarf-with-dsym";
				ENABLE_NS_ASSERTIONS = NO;
				ENABLE_STRICT_OBJC_MSGSEND = YES;
				GCC_C_LANGUAGE_STANDARD = gnu99;
				GCC_NO_COMMON_BLOCKS = YES;
				GCC_WARN_64_TO_32_BIT_CONVERSION = YES;
				GCC_WARN_ABOUT_RETURN_TYPE = YES_ERROR;
				GCC_WARN_UNDECLARED_SELECTOR = YES;
				GCC_WARN_UNINITIALIZED_AUTOS = YES_AGGRESSIVE;
				GCC_WARN_UNUSED_FUNCTION = YES;
				GCC_WARN_UNUSED_VARIABLE = YES;
				IPHONEOS_DEPLOYMENT_TARGET = 8.4;
				MTL_ENABLE_DEBUG_INFO = NO;
				SDKROOT = iphoneos;
				VALIDATE_PRODUCT = YES;
			};
			name = Release;
		};
		640A50981B6326D400DF1E7E /* Debug */ = {
			isa = XCBuildConfiguration;
			buildSettings = {
				ASSETCATALOG_COMPILER_APPICON_NAME = AppIcon;
				INFOPLIST_FILE = MyFirstApp/Info.plist;
				LD_RUNPATH_SEARCH_PATHS = "$(inherited) @executable_path/Frameworks";
				PRODUCT_NAME = "$(TARGET_NAME)";
			};
			name = Debug;
		};
		640A50991B6326D400DF1E7E /* Release */ = {
			isa = XCBuildConfiguration;
			buildSettings = {
				ASSETCATALOG_COMPILER_APPICON_NAME = AppIcon;
				INFOPLIST_FILE = MyFirstApp/Info.plist;
				LD_RUNPATH_SEARCH_PATHS = "$(inherited) @executable_path/Frameworks";
				PRODUCT_NAME = "$(TARGET_NAME)";
			};
			name = Release;
		};
		640A509B1B6326D400DF1E7E /* Debug */ = {
			isa = XCBuildConfiguration;
			buildSettings = {
				BUNDLE_LOADER = "$(TEST_HOST)";
				FRAMEWORK_SEARCH_PATHS = (
					"$(SDKROOT)/Developer/Library/Frameworks",
					"$(inherited)",
				);
				GCC_PREPROCESSOR_DEFINITIONS = (
					"DEBUG=1",
					"$(inherited)",
				);
				INFOPLIST_FILE = MyFirstAppTests/Info.plist;
				LD_RUNPATH_SEARCH_PATHS = "$(inherited) @executable_path/Frameworks @loader_path/Frameworks";
				PRODUCT_NAME = "$(TARGET_NAME)";
				TEST_HOST = "$(BUILT_PRODUCTS_DIR)/MyFirstApp.app/MyFirstApp";
			};
			name = Debug;
		};
		640A509C1B6326D400DF1E7E /* Release */ = {
			isa = XCBuildConfiguration;
			buildSettings = {
				BUNDLE_LOADER = "$(TEST_HOST)";
				FRAMEWORK_SEARCH_PATHS = (
					"$(SDKROOT)/Developer/Library/Frameworks",
					"$(inherited)",
				);
				INFOPLIST_FILE = MyFirstAppTests/Info.plist;
				LD_RUNPATH_SEARCH_PATHS = "$(inherited) @executable_path/Frameworks @loader_path/Frameworks";
				PRODUCT_NAME = "$(TARGET_NAME)";
				TEST_HOST = "$(BUILT_PRODUCTS_DIR)/MyFirstApp.app/MyFirstApp";
			};
			name = Release;
		};
/* End XCBuildConfiguration section */

/* Begin XCConfigurationList section */
		640A50731B6326D300DF1E7E /* Build configuration list for PBXProject "MyFirstApp" */ = {
			isa = XCConfigurationList;
			buildConfigurations = (
				640A50951B6326D400DF1E7E /* Debug */,
				640A50961B6326D400DF1E7E /* Release */,
			);
			defaultConfigurationIsVisible = 0;
			defaultConfigurationName = Release;
		};
		640A50971B6326D400DF1E7E /* Build configuration list for PBXNativeTarget "MyFirstApp" */ = {
			isa = XCConfigurationList;
			buildConfigurations = (
				640A50981B6326D400DF1E7E /* Debug */,
				640A50991B6326D400DF1E7E /* Release */,
			);
			defaultConfigurationIsVisible = 0;
		};
		640A509A1B6326D400DF1E7E /* Build configuration list for PBXNativeTarget "MyFirstAppTests" */ = {
			isa = XCConfigurationList;
			buildConfigurations = (
				640A509B1B6326D400DF1E7E /* Debug */,
				640A509C1B6326D400DF1E7E /* Release */,
			);
			defaultConfigurationIsVisible = 0;
		};
/* End XCConfigurationList section */
	};
	rootObject = 640A50701B6326D300DF1E7E /* Project object */;
}
